
Microsoft Visual Studio Solution File, Format Version 12.00
# Visual Studio Version 17
VisualStudioVersion = 17.6.33829.357
MinimumVisualStudioVersion = 10.0.40219.1
Project("{FAE04EC0-301F-11D3-BF4B-00C04F79EFBC}") = "Recorder", "Recorder.csproj", "{89559B14-4C03-49C9-A9ED-7790119A7DA8}"
EndProject
Global
	GlobalSection(SolutionConfigurationPlatforms) = preSolution
		Debug|Any CPU = Debug|Any CPU
		Release|Any CPU = Release|Any CPU
	EndGlobalSection
	GlobalSection(ProjectConfigurationPlatforms) = postSolution
		{89559B14-4C03-49C9-A9ED-7790119A7DA8}.Debug|Any CPU.ActiveCfg = Debug|Any CPU
		{89559B14-4C03-49C9-A9ED-7790119A7DA8}.Debug|Any CPU.Build.0 = Debug|Any CPU
		{89559B14-4C03-49C9-A9ED-7790119A7DA8}.Release|Any CPU.ActiveCfg = Release|Any CPU
		{89559B14-4C03-49C9-A9ED-7790119A7DA8}.Release|Any CPU.Build.0 = Release|Any CPU
	EndGlobalSection
	GlobalSection(SolutionProperties) = preSolution
		HideSolutionNode = FALSE
	EndGlobalSection
	GlobalSection(ExtensibilityGlobals) = postSolution
		SolutionGuid = {6BF3FB1D-A0D9-4116-A032-4A7BA75C1129}
	EndGlobalSection
EndGlobal
